
Microsoft Visual Studio Solution File, Format Version 12.00
# Visual Studio Version 17
VisualStudioVersion = 17.6.33815.320
MinimumVisualStudioVersion = 10.0.40219.1
Project("{9A19103F-16F7-4668-BE54-9A1E7A4F7556}") = "Resto.API", "Resto.API\Resto.API.csproj", "{F57F210B-61B8-432A-8492-190908E3871B}"
EndProject
Project("{FAE04EC0-301F-11D3-BF4B-00C04F79EFBC}") = "Resto.UI", "Resto.UI\Resto.UI.csproj", "{7641A955-3E65-4259-AAC7-C0B63A06D899}"
EndProject
Global
	GlobalSection(SolutionConfigurationPlatforms) = preSolution
		Debug|Any CPU = Debug|Any CPU
		Release|Any CPU = Release|Any CPU
	EndGlobalSection
	GlobalSection(ProjectConfigurationPlatforms) = postSolution
		{F57F210B-61B8-432A-8492-190908E3871B}.Debug|Any CPU.ActiveCfg = Debug|Any CPU
		{F57F210B-61B8-432A-8492-190908E3871B}.Debug|Any CPU.Build.0 = Debug|Any CPU
		{F57F210B-61B8-432A-8492-190908E3871B}.Release|Any CPU.ActiveCfg = Release|Any CPU
		{F57F210B-61B8-432A-8492-190908E3871B}.Release|Any CPU.Build.0 = Release|Any CPU
		{7641A955-3E65-4259-AAC7-C0B63A06D899}.Debug|Any CPU.ActiveCfg = Debug|Any CPU
		{7641A955-3E65-4259-AAC7-C0B63A06D899}.Debug|Any CPU.Build.0 = Debug|Any CPU
		{7641A955-3E65-4259-AAC7-C0B63A06D899}.Release|Any CPU.ActiveCfg = Release|Any CPU
		{7641A955-3E65-4259-AAC7-C0B63A06D899}.Release|Any CPU.Build.0 = Release|Any CPU
	EndGlobalSection
	GlobalSection(SolutionProperties) = preSolution
		HideSolutionNode = FALSE
	EndGlobalSection
	GlobalSection(ExtensibilityGlobals) = postSolution
		SolutionGuid = {8B10A0A1-10B1-42D2-84E8-6DD39F1F1135}
	EndGlobalSection
EndGlobal
